{
  "name": "@marcoparrone/react-nodes",
  "version": "1.0.0",
  "lockfileVersion": 2,
  "requires": true,
  "packages": {
    "": {
      "name": "@marcoparrone/react-nodes",
      "version": "1.0.0",
      "license": "MIT",
      "dependencies": {
        "@marcoparrone/iconbutton": "^1.0.1",
        "@marcoparrone/nodes": "^1.0.2",
        "@material/card": "^10.0.0",
        "react": "^17.0.1"
      }
    },
    "node_modules/@marcoparrone/iconbutton": {
      "version": "1.0.1",
      "resolved": "https://registry.npmjs.org/@marcoparrone/iconbutton/-/iconbutton-1.0.1.tgz",
      "integrity": "sha512-jCUEel3FO/mqfQqJIq7dDXJET7cW7ysQiaN4yf2q2z5V2dCFK0cDabYNH40EeeWSVh0tzUHA31nhJJQi9DubNQ==",
      "dependencies": {
        "@material/react-material-icon": "^0.15.0",
        "react": "^16.14.0"
      }
    },
    "node_modules/@marcoparrone/iconbutton/node_modules/@material/animation": {
      "version": "1.0.0",
      "resolved": "https://registry.npmjs.org/@material/animation/-/animation-1.0.0.tgz",
      "integrity": "sha512-Ed5/vggn6ZhSJ87yn3ZS1d826VJNFz73jHF2bSsgRtHDoB8KCuOwQMfdgAgDa4lKDF6CDIPCKBZPKrs2ubehdw==",
      "dependencies": {
        "tslib": "^1.9.3"
      }
    },
    "node_modules/@marcoparrone/iconbutton/node_modules/@material/base": {
      "version": "1.0.0",
      "resolved": "https://registry.npmjs.org/@material/base/-/base-1.0.0.tgz",
      "integrity": "sha512-5dxFp46x5FA+Epg6YHLzN+5zRt9S2wR84UdvVAEJ1egea94m9UHUg7y9tAnNSN16aexRSywmzyLwPr+i8PGEYA==",
      "dependencies": {
        "tslib": "^1.9.3"
      }
    },
    "node_modules/@marcoparrone/iconbutton/node_modules/@material/dom": {
      "version": "1.1.0",
      "resolved": "https://registry.npmjs.org/@material/dom/-/dom-1.1.0.tgz",
      "integrity": "sha512-+HWW38ZaM2UBPu4+7QCusLDSf4tFT31rsEXHkTkxYSg/QpDivfPx6YDz4OmYtafmhPR1d1YjqB3MYysUHdodyw==",
      "dependencies": {
        "tslib": "^1.9.3"
      }
    },
    "node_modules/@marcoparrone/iconbutton/node_modules/@material/feature-targeting": {
      "version": "0.44.1",
      "resolved": "https://registry.npmjs.org/@material/feature-targeting/-/feature-targeting-0.44.1.tgz",
      "integrity": "sha512-90cc7njn4aHbH9UxY8qgZth1W5JgOgcEdWdubH1t7sFkwqFxS5g3zgxSBt46TygFBVIXNZNq35Xmg80wgqO7Pg=="
    },
    "node_modules/@marcoparrone/iconbutton/node_modules/@material/react-material-icon": {
      "version": "0.15.0",
      "resolved": "https://registry.npmjs.org/@material/react-material-icon/-/react-material-icon-0.15.0.tgz",
      "integrity": "sha512-KDiMtMEtBZvqlma7wTS0ObY9BSFVtbCVkZiTnde/CxsYEQG9N6QwHClpbS4u/H8mWyXLdlSAQhK7rYSq1XGV0w==",
      "dependencies": {
        "@material/react-ripple": "^0.15.0",
        "classnames": "^2.2.6"
      },
      "peerDependencies": {
        "react": "^16.4.2"
      }
    },
    "node_modules/@marcoparrone/iconbutton/node_modules/@material/react-ripple": {
      "version": "0.15.0",
      "resolved": "https://registry.npmjs.org/@material/react-ripple/-/react-ripple-0.15.0.tgz",
      "integrity": "sha512-8YPEpiQNOaq3QtMc1DBxVVqOg/XnoWDj/EJ8eW0xmB4HvXElztKNTZoIpAAuQMZ8jbyZkRJRiFDa33u+wLFDCg==",
      "dependencies": {
        "@material/dom": "^1.0.0",
        "@material/ripple": "^1.0.0",
        "classnames": "^2.2.6",
        "utility-types": "^3.2.1"
      },
      "peerDependencies": {
        "react": "^16.4.2"
      }
    },
    "node_modules/@marcoparrone/iconbutton/node_modules/@material/ripple": {
      "version": "1.1.0",
      "resolved": "https://registry.npmjs.org/@material/ripple/-/ripple-1.1.0.tgz",
      "integrity": "sha512-mkfDBZAmxjpRG7V9TrfOmLxt1g/wvGHCXtYPgvH7W8ozjf53edqxLOFENEdvHbie27y9nyixzXn0gzU0HnxSeA==",
      "dependencies": {
        "@material/animation": "^1.0.0",
        "@material/base": "^1.0.0",
        "@material/dom": "^1.1.0",
        "@material/feature-targeting": "^0.44.1",
        "@material/theme": "^1.1.0",
        "tslib": "^1.9.3"
      }
    },
    "node_modules/@marcoparrone/iconbutton/node_modules/@material/theme": {
      "version": "1.1.0",
      "resolved": "https://registry.npmjs.org/@material/theme/-/theme-1.1.0.tgz",
      "integrity": "sha512-YYUV9Rhbx4r/EMb/zoOYJUWjhXChNaLlH1rqt3vpNVyxRcxGqoVMGp5u1XALBCFiD9dACPKLIkKyRYa928nmPQ==",
      "dependencies": {
        "@material/feature-targeting": "^0.44.1"
      }
    },
    "node_modules/@marcoparrone/iconbutton/node_modules/react": {
      "version": "16.14.0",
      "resolved": "https://registry.npmjs.org/react/-/react-16.14.0.tgz",
      "integrity": "sha512-0X2CImDkJGApiAlcf0ODKIneSwBPhqJawOa5wCtKbu7ZECrmS26NvtSILynQ66cgkT/RJ4LidJOc3bUESwmU8g==",
      "dependencies": {
        "loose-envify": "^1.1.0",
        "object-assign": "^4.1.1",
        "prop-types": "^15.6.2"
      },
      "engines": {
        "node": ">=0.10.0"
      }
    },
    "node_modules/@marcoparrone/nodes": {
      "version": "1.0.2",
      "resolved": "https://registry.npmjs.org/@marcoparrone/nodes/-/nodes-1.0.2.tgz",
      "integrity": "sha512-XGnaH5IiMGX/eCdMWMGVmFQmWeHAf/WWkhl9z/fGYxkNBKx3cy0IaZDJJ2/DZKiGl3+T7A7RcN0o+wjuQ3d1tw==",
      "dependencies": {
        "file-saver": "^2.0.5"
      }
    },
    "node_modules/@material/animation": {
      "version": "10.0.0",
      "resolved": "https://registry.npmjs.org/@material/animation/-/animation-10.0.0.tgz",
      "integrity": "sha512-5e8e+W+n105rfSTRI5Mfmh9VMqzNG8+OhxjfDr7k0lYCfjbkT8LsAInonC5EotJzcaxD0vtDUqRqdW8xKIXNWg==",
      "dependencies": {
        "tslib": "^1.9.3"
      }
    },
    "node_modules/@material/base": {
      "version": "10.0.0",
      "resolved": "https://registry.npmjs.org/@material/base/-/base-10.0.0.tgz",
      "integrity": "sha512-PQWNSsNYVvMcWKsRFHgs5JjsHuv6cTogdlp9uhx5ChdLNCkflpXlMKJ7aYfcl56fdLntWQbxXowLh1JAfrTrmg==",
      "dependencies": {
        "tslib": "^1.9.3"
      }
    },
    "node_modules/@material/card": {
      "version": "10.0.0",
      "resolved": "https://registry.npmjs.org/@material/card/-/card-10.0.0.tgz",
      "integrity": "sha512-IwdmUdrMDKb27K6xUhRSafPNbrAmcrPSxM3E8ad1Hk55+9O8Tl9SnGfOQGNtocGa8O7qFr8jsiqdIrxJN85VEA==",
      "dependencies": {
        "@material/dom": "^10.0.0",
        "@material/elevation": "^10.0.0",
        "@material/feature-targeting": "^10.0.0",
        "@material/ripple": "^10.0.0",
        "@material/rtl": "^10.0.0",
        "@material/shape": "^10.0.0",
        "@material/theme": "^10.0.0"
      }
    },
    "node_modules/@material/dom": {
      "version": "10.0.0",
      "resolved": "https://registry.npmjs.org/@material/dom/-/dom-10.0.0.tgz",
      "integrity": "sha512-rimaFIRsbacSjnk/1IqQZLOjoIWYhmuR6AZR35nkeAYg0H3DmLuNTGyAgsMaC8O/1vBcAp+c4N9WASkITCOE5A==",
      "dependencies": {
        "@material/feature-targeting": "^10.0.0",
        "tslib": "^1.9.3"
      }
    },
    "node_modules/@material/elevation": {
      "version": "10.0.0",
      "resolved": "https://registry.npmjs.org/@material/elevation/-/elevation-10.0.0.tgz",
      "integrity": "sha512-D/CeTIkRmV9iLJDzUnKSt2FTM7SLv3ixQjindNaAEAaCdsaoUfx6Q2dRAlqQOL0y6yeTvvpxK9IFwu411J3xXw==",
      "dependencies": {
        "@material/animation": "^10.0.0",
        "@material/base": "^10.0.0",
        "@material/feature-targeting": "^10.0.0",
        "@material/theme": "^10.0.0"
      }
    },
    "node_modules/@material/feature-targeting": {
      "version": "10.0.0",
      "resolved": "https://registry.npmjs.org/@material/feature-targeting/-/feature-targeting-10.0.0.tgz",
      "integrity": "sha512-Pn48jeeD2ScMq0NoR0k9SeC3UFOOTarKNIYxL+TkFRLGks/TgFoSIDRwXCzva/9umw9/Q2xOWrY/Gqs1zBIgOA=="
    },
    "node_modules/@material/ripple": {
      "version": "10.0.0",
      "resolved": "https://registry.npmjs.org/@material/ripple/-/ripple-10.0.0.tgz",
      "integrity": "sha512-KZPJ6YvLFJKkulUemKFq/Y3h9/Pbta+zOjBN1ZoeiP5++5thfsMJuL+L2bWa4GqUjSj66xW75LQrxX/ammCYzw==",
      "dependencies": {
        "@material/animation": "^10.0.0",
        "@material/base": "^10.0.0",
        "@material/dom": "^10.0.0",
        "@material/feature-targeting": "^10.0.0",
        "@material/theme": "^10.0.0",
        "tslib": "^1.9.3"
      }
    },
    "node_modules/@material/rtl": {
      "version": "10.0.0",
      "resolved": "https://registry.npmjs.org/@material/rtl/-/rtl-10.0.0.tgz",
      "integrity": "sha512-887Dq0JrlRx5uwQ2Ku4Gig0e7iMIdKAAvvk/Wnglo9jFUvJE94rgSyyDLbwsN4vo1s33PwxHK1uWteALkzMQWw==",
      "dependencies": {
        "@material/theme": "^10.0.0"
      }
    },
    "node_modules/@material/shape": {
      "version": "10.0.0",
      "resolved": "https://registry.npmjs.org/@material/shape/-/shape-10.0.0.tgz",
      "integrity": "sha512-2zUib2htoZz21ULa9lNd4llGOWlZcGLBKKJdNV6wsyPlqdh6SjEXf3Fz1BrWV6pQVW3fhnhn+oTFLMveV1mMZw==",
      "dependencies": {
        "@material/feature-targeting": "^10.0.0",
        "@material/rtl": "^10.0.0",
        "@material/theme": "^10.0.0"
      }
    },
    "node_modules/@material/theme": {
      "version": "10.0.0",
      "resolved": "https://registry.npmjs.org/@material/theme/-/theme-10.0.0.tgz",
      "integrity": "sha512-ll5UFjPR6np4jgTzDQO85VQg6FgLM0Vy1MlyJVRr/kn+2adX5hDxiBOnuC9fTeVhIBBPjbAMOFPa6VhNmAmkvg==",
      "dependencies": {
        "@material/feature-targeting": "^10.0.0"
      }
    },
    "node_modules/classnames": {
      "version": "2.2.6",
      "resolved": "https://registry.npmjs.org/classnames/-/classnames-2.2.6.tgz",
      "integrity": "sha512-JR/iSQOSt+LQIWwrwEzJ9uk0xfN3mTVYMwt1Ir5mUcSN6pU+V4zQFFaJsclJbPuAUQH+yfWef6tm7l1quW3C8Q=="
    },
    "node_modules/file-saver": {
      "version": "2.0.5",
      "resolved": "https://registry.npmjs.org/file-saver/-/file-saver-2.0.5.tgz",
      "integrity": "sha512-P9bmyZ3h/PRG+Nzga+rbdI4OEpNDzAVyy74uVO9ATgzLK6VtAsYybF/+TOCvrc0MO793d6+42lLyZTw7/ArVzA=="
    },
    "node_modules/js-tokens": {
      "version": "4.0.0",
      "resolved": "https://registry.npmjs.org/js-tokens/-/js-tokens-4.0.0.tgz",
      "integrity": "sha512-RdJUflcE3cUzKiMqQgsCu06FPu9UdIJO0beYbPhHN4k6apgJtifcoCtT9bcxOpYBtpD2kCM6Sbzg4CausW/PKQ=="
    },
    "node_modules/loose-envify": {
      "version": "1.4.0",
      "resolved": "https://registry.npmjs.org/loose-envify/-/loose-envify-1.4.0.tgz",
      "integrity": "sha512-lyuxPGr/Wfhrlem2CL/UcnUc1zcqKAImBDzukY7Y5F/yQiNdko6+fRLevlw1HgMySw7f611UIY408EtxRSoK3Q==",
      "dependencies": {
        "js-tokens": "^3.0.0 || ^4.0.0"
      },
      "bin": {
        "loose-envify": "cli.js"
      }
    },
    "node_modules/object-assign": {
      "version": "4.1.1",
      "resolved": "https://registry.npmjs.org/object-assign/-/object-assign-4.1.1.tgz",
      "integrity": "sha1-IQmtx5ZYh8/AXLvUQsrIv7s2CGM=",
      "engines": {
        "node": ">=0.10.0"
      }
    },
    "node_modules/prop-types": {
      "version": "15.7.2",
      "resolved": "https://registry.npmjs.org/prop-types/-/prop-types-15.7.2.tgz",
      "integrity": "sha512-8QQikdH7//R2vurIJSutZ1smHYTcLpRWEOlHnzcWHmBYrOGUysKwSsrC89BCiFj3CbrfJ/nXFdJepOVrY1GCHQ==",
      "dependencies": {
        "loose-envify": "^1.4.0",
        "object-assign": "^4.1.1",
        "react-is": "^16.8.1"
      }
    },
    "node_modules/react": {
      "version": "17.0.1",
      "resolved": "https://registry.npmjs.org/react/-/react-17.0.1.tgz",
      "integrity": "sha512-lG9c9UuMHdcAexXtigOZLX8exLWkW0Ku29qPRU8uhF2R9BN96dLCt0psvzPLlHc5OWkgymP3qwTRgbnw5BKx3w==",
      "dependencies": {
        "loose-envify": "^1.1.0",
        "object-assign": "^4.1.1"
      },
      "engines": {
        "node": ">=0.10.0"
      }
    },
    "node_modules/react-is": {
      "version": "16.13.1",
      "resolved": "https://registry.npmjs.org/react-is/-/react-is-16.13.1.tgz",
      "integrity": "sha512-24e6ynE2H+OKt4kqsOvNd8kBpV65zoxbA4BVsEOB3ARVWQki/DHzaUoC5KuON/BiccDaCCTZBuOcfZs70kR8bQ=="
    },
    "node_modules/tslib": {
      "version": "1.14.1",
      "resolved": "https://registry.npmjs.org/tslib/-/tslib-1.14.1.tgz",
      "integrity": "sha512-Xni35NKzjgMrwevysHTCArtLDpPvye8zV/0E4EyYn43P7/7qvQwPh9BGkHewbMulVntbigmcT7rdX3BNo9wRJg=="
    },
    "node_modules/utility-types": {
      "version": "3.10.0",
      "resolved": "https://registry.npmjs.org/utility-types/-/utility-types-3.10.0.tgz",
      "integrity": "sha512-O11mqxmi7wMKCo6HKFt5AhO4BwY3VV68YU07tgxfz8zJTIxr4BpsezN49Ffwy9j3ZpwwJp4fkRwjRzq3uWE6Rg==",
      "engines": {
        "node": ">= 4"
      }
    }
  },
  "dependencies": {
    "@marcoparrone/iconbutton": {
      "version": "1.0.1",
      "resolved": "https://registry.npmjs.org/@marcoparrone/iconbutton/-/iconbutton-1.0.1.tgz",
      "integrity": "sha512-jCUEel3FO/mqfQqJIq7dDXJET7cW7ysQiaN4yf2q2z5V2dCFK0cDabYNH40EeeWSVh0tzUHA31nhJJQi9DubNQ==",
      "requires": {
        "@material/react-material-icon": "^0.15.0",
        "react": "^16.14.0"
      },
      "dependencies": {
        "@material/animation": {
          "version": "1.0.0",
          "resolved": "https://registry.npmjs.org/@material/animation/-/animation-1.0.0.tgz",
          "integrity": "sha512-Ed5/vggn6ZhSJ87yn3ZS1d826VJNFz73jHF2bSsgRtHDoB8KCuOwQMfdgAgDa4lKDF6CDIPCKBZPKrs2ubehdw==",
          "requires": {
            "tslib": "^1.9.3"
          }
        },
        "@material/base": {
          "version": "1.0.0",
          "resolved": "https://registry.npmjs.org/@material/base/-/base-1.0.0.tgz",
          "integrity": "sha512-5dxFp46x5FA+Epg6YHLzN+5zRt9S2wR84UdvVAEJ1egea94m9UHUg7y9tAnNSN16aexRSywmzyLwPr+i8PGEYA==",
          "requires": {
            "tslib": "^1.9.3"
          }
        },
        "@material/dom": {
          "version": "1.1.0",
          "resolved": "https://registry.npmjs.org/@material/dom/-/dom-1.1.0.tgz",
          "integrity": "sha512-+HWW38ZaM2UBPu4+7QCusLDSf4tFT31rsEXHkTkxYSg/QpDivfPx6YDz4OmYtafmhPR1d1YjqB3MYysUHdodyw==",
          "requires": {
            "tslib": "^1.9.3"
          }
        },
        "@material/feature-targeting": {
          "version": "0.44.1",
          "resolved": "https://registry.npmjs.org/@material/feature-targeting/-/feature-targeting-0.44.1.tgz",
          "integrity": "sha512-90cc7njn4aHbH9UxY8qgZth1W5JgOgcEdWdubH1t7sFkwqFxS5g3zgxSBt46TygFBVIXNZNq35Xmg80wgqO7Pg=="
        },
        "@material/react-material-icon": {
          "version": "0.15.0",
          "resolved": "https://registry.npmjs.org/@material/react-material-icon/-/react-material-icon-0.15.0.tgz",
          "integrity": "sha512-KDiMtMEtBZvqlma7wTS0ObY9BSFVtbCVkZiTnde/CxsYEQG9N6QwHClpbS4u/H8mWyXLdlSAQhK7rYSq1XGV0w==",
          "requires": {
            "@material/react-ripple": "^0.15.0",
            "classnames": "^2.2.6"
          }
        },
        "@material/react-ripple": {
          "version": "0.15.0",
          "resolved": "https://registry.npmjs.org/@material/react-ripple/-/react-ripple-0.15.0.tgz",
          "integrity": "sha512-8YPEpiQNOaq3QtMc1DBxVVqOg/XnoWDj/EJ8eW0xmB4HvXElztKNTZoIpAAuQMZ8jbyZkRJRiFDa33u+wLFDCg==",
          "requires": {
            "@material/dom": "^1.0.0",
            "@material/ripple": "^1.0.0",
            "classnames": "^2.2.6",
            "utility-types": "^3.2.1"
          }
        },
        "@material/ripple": {
          "version": "1.1.0",
          "resolved": "https://registry.npmjs.org/@material/ripple/-/ripple-1.1.0.tgz",
          "integrity": "sha512-mkfDBZAmxjpRG7V9TrfOmLxt1g/wvGHCXtYPgvH7W8ozjf53edqxLOFENEdvHbie27y9nyixzXn0gzU0HnxSeA==",
          "requires": {
            "@material/animation": "^1.0.0",
            "@material/base": "^1.0.0",
            "@material/dom": "^1.1.0",
            "@material/feature-targeting": "^0.44.1",
            "@material/theme": "^1.1.0",
            "tslib": "^1.9.3"
          }
        },
        "@material/theme": {
          "version": "1.1.0",
          "resolved": "https://registry.npmjs.org/@material/theme/-/theme-1.1.0.tgz",
          "integrity": "sha512-YYUV9Rhbx4r/EMb/zoOYJUWjhXChNaLlH1rqt3vpNVyxRcxGqoVMGp5u1XALBCFiD9dACPKLIkKyRYa928nmPQ==",
          "requires": {
            "@material/feature-targeting": "^0.44.1"
          }
        },
        "react": {
          "version": "16.14.0",
          "resolved": "https://registry.npmjs.org/react/-/react-16.14.0.tgz",
          "integrity": "sha512-0X2CImDkJGApiAlcf0ODKIneSwBPhqJawOa5wCtKbu7ZECrmS26NvtSILynQ66cgkT/RJ4LidJOc3bUESwmU8g==",
          "requires": {
            "loose-envify": "^1.1.0",
            "object-assign": "^4.1.1",
            "prop-types": "^15.6.2"
          }
        }
      }
    },
    "@marcoparrone/nodes": {
      "version": "1.0.2",
      "resolved": "https://registry.npmjs.org/@marcoparrone/nodes/-/nodes-1.0.2.tgz",
      "integrity": "sha512-XGnaH5IiMGX/eCdMWMGVmFQmWeHAf/WWkhl9z/fGYxkNBKx3cy0IaZDJJ2/DZKiGl3+T7A7RcN0o+wjuQ3d1tw==",
      "requires": {
        "file-saver": "^2.0.5"
      }
    },
    "@material/animation": {
      "version": "10.0.0",
      "resolved": "https://registry.npmjs.org/@material/animation/-/animation-10.0.0.tgz",
      "integrity": "sha512-5e8e+W+n105rfSTRI5Mfmh9VMqzNG8+OhxjfDr7k0lYCfjbkT8LsAInonC5EotJzcaxD0vtDUqRqdW8xKIXNWg==",
      "requires": {
        "tslib": "^1.9.3"
      }
    },
    "@material/base": {
      "version": "10.0.0",
      "resolved": "https://registry.npmjs.org/@material/base/-/base-10.0.0.tgz",
      "integrity": "sha512-PQWNSsNYVvMcWKsRFHgs5JjsHuv6cTogdlp9uhx5ChdLNCkflpXlMKJ7aYfcl56fdLntWQbxXowLh1JAfrTrmg==",
      "requires": {
        "tslib": "^1.9.3"
      }
    },
    "@material/card": {
      "version": "10.0.0",
      "resolved": "https://registry.npmjs.org/@material/card/-/card-10.0.0.tgz",
      "integrity": "sha512-IwdmUdrMDKb27K6xUhRSafPNbrAmcrPSxM3E8ad1Hk55+9O8Tl9SnGfOQGNtocGa8O7qFr8jsiqdIrxJN85VEA==",
      "requires": {
        "@material/dom": "^10.0.0",
        "@material/elevation": "^10.0.0",
        "@material/feature-targeting": "^10.0.0",
        "@material/ripple": "^10.0.0",
        "@material/rtl": "^10.0.0",
        "@material/shape": "^10.0.0",
        "@material/theme": "^10.0.0"
      }
    },
    "@material/dom": {
      "version": "10.0.0",
      "resolved": "https://registry.npmjs.org/@material/dom/-/dom-10.0.0.tgz",
      "integrity": "sha512-rimaFIRsbacSjnk/1IqQZLOjoIWYhmuR6AZR35nkeAYg0H3DmLuNTGyAgsMaC8O/1vBcAp+c4N9WASkITCOE5A==",
      "requires": {
        "@material/feature-targeting": "^10.0.0",
        "tslib": "^1.9.3"
      }
    },
    "@material/elevation": {
      "version": "10.0.0",
      "resolved": "https://registry.npmjs.org/@material/elevation/-/elevation-10.0.0.tgz",
      "integrity": "sha512-D/CeTIkRmV9iLJDzUnKSt2FTM7SLv3ixQjindNaAEAaCdsaoUfx6Q2dRAlqQOL0y6yeTvvpxK9IFwu411J3xXw==",
      "requires": {
        "@material/animation": "^10.0.0",
        "@material/base": "^10.0.0",
        "@material/feature-targeting": "^10.0.0",
        "@material/theme": "^10.0.0"
      }
    },
    "@material/feature-targeting": {
      "version": "10.0.0",
      "resolved": "https://registry.npmjs.org/@material/feature-targeting/-/feature-targeting-10.0.0.tgz",
      "integrity": "sha512-Pn48jeeD2ScMq0NoR0k9SeC3UFOOTarKNIYxL+TkFRLGks/TgFoSIDRwXCzva/9umw9/Q2xOWrY/Gqs1zBIgOA=="
    },
    "@material/ripple": {
      "version": "10.0.0",
      "resolved": "https://registry.npmjs.org/@material/ripple/-/ripple-10.0.0.tgz",
      "integrity": "sha512-KZPJ6YvLFJKkulUemKFq/Y3h9/Pbta+zOjBN1ZoeiP5++5thfsMJuL+L2bWa4GqUjSj66xW75LQrxX/ammCYzw==",
      "requires": {
        "@material/animation": "^10.0.0",
        "@material/base": "^10.0.0",
        "@material/dom": "^10.0.0",
        "@material/feature-targeting": "^10.0.0",
        "@material/theme": "^10.0.0",
        "tslib": "^1.9.3"
      }
    },
    "@material/rtl": {
      "version": "10.0.0",
      "resolved": "https://registry.npmjs.org/@material/rtl/-/rtl-10.0.0.tgz",
      "integrity": "sha512-887Dq0JrlRx5uwQ2Ku4Gig0e7iMIdKAAvvk/Wnglo9jFUvJE94rgSyyDLbwsN4vo1s33PwxHK1uWteALkzMQWw==",
      "requires": {
        "@material/theme": "^10.0.0"
      }
    },
    "@material/shape": {
      "version": "10.0.0",
      "resolved": "https://registry.npmjs.org/@material/shape/-/shape-10.0.0.tgz",
      "integrity": "sha512-2zUib2htoZz21ULa9lNd4llGOWlZcGLBKKJdNV6wsyPlqdh6SjEXf3Fz1BrWV6pQVW3fhnhn+oTFLMveV1mMZw==",
      "requires": {
        "@material/feature-targeting": "^10.0.0",
        "@material/rtl": "^10.0.0",
        "@material/theme": "^10.0.0"
      }
    },
    "@material/theme": {
      "version": "10.0.0",
      "resolved": "https://registry.npmjs.org/@material/theme/-/theme-10.0.0.tgz",
      "integrity": "sha512-ll5UFjPR6np4jgTzDQO85VQg6FgLM0Vy1MlyJVRr/kn+2adX5hDxiBOnuC9fTeVhIBBPjbAMOFPa6VhNmAmkvg==",
      "requires": {
        "@material/feature-targeting": "^10.0.0"
      }
    },
    "classnames": {
      "version": "2.2.6",
      "resolved": "https://registry.npmjs.org/classnames/-/classnames-2.2.6.tgz",
      "integrity": "sha512-JR/iSQOSt+LQIWwrwEzJ9uk0xfN3mTVYMwt1Ir5mUcSN6pU+V4zQFFaJsclJbPuAUQH+yfWef6tm7l1quW3C8Q=="
    },
    "file-saver": {
      "version": "2.0.5",
      "resolved": "https://registry.npmjs.org/file-saver/-/file-saver-2.0.5.tgz",
      "integrity": "sha512-P9bmyZ3h/PRG+Nzga+rbdI4OEpNDzAVyy74uVO9ATgzLK6VtAsYybF/+TOCvrc0MO793d6+42lLyZTw7/ArVzA=="
    },
    "js-tokens": {
      "version": "4.0.0",
      "resolved": "https://registry.npmjs.org/js-tokens/-/js-tokens-4.0.0.tgz",
      "integrity": "sha512-RdJUflcE3cUzKiMqQgsCu06FPu9UdIJO0beYbPhHN4k6apgJtifcoCtT9bcxOpYBtpD2kCM6Sbzg4CausW/PKQ=="
    },
    "loose-envify": {
      "version": "1.4.0",
      "resolved": "https://registry.npmjs.org/loose-envify/-/loose-envify-1.4.0.tgz",
      "integrity": "sha512-lyuxPGr/Wfhrlem2CL/UcnUc1zcqKAImBDzukY7Y5F/yQiNdko6+fRLevlw1HgMySw7f611UIY408EtxRSoK3Q==",
      "requires": {
        "js-tokens": "^3.0.0 || ^4.0.0"
      }
    },
    "object-assign": {
      "version": "4.1.1",
      "resolved": "https://registry.npmjs.org/object-assign/-/object-assign-4.1.1.tgz",
      "integrity": "sha1-IQmtx5ZYh8/AXLvUQsrIv7s2CGM="
    },
    "prop-types": {
      "version": "15.7.2",
      "resolved": "https://registry.npmjs.org/prop-types/-/prop-types-15.7.2.tgz",
      "integrity": "sha512-8QQikdH7//R2vurIJSutZ1smHYTcLpRWEOlHnzcWHmBYrOGUysKwSsrC89BCiFj3CbrfJ/nXFdJepOVrY1GCHQ==",
      "requires": {
        "loose-envify": "^1.4.0",
        "object-assign": "^4.1.1",
        "react-is": "^16.8.1"
      }
    },
    "react": {
      "version": "17.0.1",
      "resolved": "https://registry.npmjs.org/react/-/react-17.0.1.tgz",
      "integrity": "sha512-lG9c9UuMHdcAexXtigOZLX8exLWkW0Ku29qPRU8uhF2R9BN96dLCt0psvzPLlHc5OWkgymP3qwTRgbnw5BKx3w==",
      "requires": {
        "loose-envify": "^1.1.0",
        "object-assign": "^4.1.1"
      }
    },
    "react-is": {
      "version": "16.13.1",
      "resolved": "https://registry.npmjs.org/react-is/-/react-is-16.13.1.tgz",
      "integrity": "sha512-24e6ynE2H+OKt4kqsOvNd8kBpV65zoxbA4BVsEOB3ARVWQki/DHzaUoC5KuON/BiccDaCCTZBuOcfZs70kR8bQ=="
    },
    "tslib": {
      "version": "1.14.1",
      "resolved": "https://registry.npmjs.org/tslib/-/tslib-1.14.1.tgz",
      "integrity": "sha512-Xni35NKzjgMrwevysHTCArtLDpPvye8zV/0E4EyYn43P7/7qvQwPh9BGkHewbMulVntbigmcT7rdX3BNo9wRJg=="
    },
    "utility-types": {
      "version": "3.10.0",
      "resolved": "https://registry.npmjs.org/utility-types/-/utility-types-3.10.0.tgz",
      "integrity": "sha512-O11mqxmi7wMKCo6HKFt5AhO4BwY3VV68YU07tgxfz8zJTIxr4BpsezN49Ffwy9j3ZpwwJp4fkRwjRzq3uWE6Rg=="
    }
  }
}
